
Microsoft Visual Studio Solution File, Format Version 12.00
# Visual Studio for Mac
Project("{FAE04EC0-301F-11D3-BF4B-00C04F79EFBC}") = "Android", "Android.csproj", "{CF8E133C-E79C-5118-30C4-77479138227A}"
EndProject
Project("{FAE04EC0-301F-11D3-BF4B-00C04F79EFBC}") = "Android.Editor", "Android.Editor.csproj", "{FDE2022C-25DA-91BF-3406-5142D5E10322}"
EndProject
Global
	GlobalSection(SolutionConfigurationPlatforms) = preSolution
		Debug|Any CPU = Debug|Any CPU
		Release|Any CPU = Release|Any CPU
	EndGlobalSection
	GlobalSection(ProjectConfigurationPlatforms) = postSolution
		{CF8E133C-E79C-5118-30C4-77479138227A}.Debug|Any CPU.ActiveCfg = Debug|Any CPU
		{CF8E133C-E79C-5118-30C4-77479138227A}.Debug|Any CPU.Build.0 = Debug|Any CPU
		{CF8E133C-E79C-5118-30C4-77479138227A}.Release|Any CPU.ActiveCfg = Release|Any CPU
		{CF8E133C-E79C-5118-30C4-77479138227A}.Release|Any CPU.Build.0 = Release|Any CPU
		{FDE2022C-25DA-91BF-3406-5142D5E10322}.Debug|Any CPU.ActiveCfg = Debug|Any CPU
		{FDE2022C-25DA-91BF-3406-5142D5E10322}.Debug|Any CPU.Build.0 = Debug|Any CPU
		{FDE2022C-25DA-91BF-3406-5142D5E10322}.Release|Any CPU.ActiveCfg = Release|Any CPU
		{FDE2022C-25DA-91BF-3406-5142D5E10322}.Release|Any CPU.Build.0 = Release|Any CPU
	EndGlobalSection
	GlobalSection(SolutionProperties) = preSolution
		HideSolutionNode = FALSE
	EndGlobalSection
EndGlobal
